{
  "version": 4,
  "terraform_version": "1.13.4",
  "serial": 10,
  "lineage": "d2675bd0-cc07-24b8-2255-3d551e5b6ce3",
  "outputs": {
    "c8kv1_data_acl_entries": {
      "value": [
        {
          "ace_rule_action": "permit",
          "ace_rule_protocol": "ip",
          "ack": false,
          "destination_any": false,
          "destination_host": "2.2.2.2",
          "destination_object_group": null,
          "destination_port_equal": null,
          "destination_port_equal_10": null,
          "destination_port_equal_2": null,
          "destination_port_equal_3": null,
          "destination_port_equal_4": null,
          "destination_port_equal_5": null,
          "destination_port_equal_6": null,
          "destination_port_equal_7": null,
          "destination_port_equal_8": null,
          "destination_port_equal_9": null,
          "destination_port_greater_than": null,
          "destination_port_lesser_than": null,
          "destination_port_range_from": null,
          "destination_port_range_to": null,
          "destination_prefix": null,
          "destination_prefix_mask": null,
          "dscp": null,
          "established": false,
          "fin": false,
          "fragments": false,
          "icmp_msg_code": null,
          "icmp_msg_type": null,
          "icmp_named_msg_type": null,
          "log": false,
          "log_input": false,
          "precedence": null,
          "psh": false,
          "remark": null,
          "rst": false,
          "sequence": 10,
          "service_object_group": null,
          "source_any": false,
          "source_host": "1.1.1.1",
          "source_object_group": null,
          "source_port_equal": null,
          "source_port_greater_than": null,
          "source_port_lesser_than": null,
          "source_port_range_from": null,
          "source_port_range_to": null,
          "source_prefix": null,
          "source_prefix_mask": null,
          "syn": false,
          "tos": null,
          "urg": false
        },
        {
          "ace_rule_action": "permit",
          "ace_rule_protocol": "ip",
          "ack": false,
          "destination_any": true,
          "destination_host": null,
          "destination_object_group": null,
          "destination_port_equal": null,
          "destination_port_equal_10": null,
          "destination_port_equal_2": null,
          "destination_port_equal_3": null,
          "destination_port_equal_4": null,
          "destination_port_equal_5": null,
          "destination_port_equal_6": null,
          "destination_port_equal_7": null,
          "destination_port_equal_8": null,
          "destination_port_equal_9": null,
          "destination_port_greater_than": null,
          "destination_port_lesser_than": null,
          "destination_port_range_from": null,
          "destination_port_range_to": null,
          "destination_prefix": null,
          "destination_prefix_mask": null,
          "dscp": null,
          "established": false,
          "fin": false,
          "fragments": false,
          "icmp_msg_code": null,
          "icmp_msg_type": null,
          "icmp_named_msg_type": null,
          "log": false,
          "log_input": false,
          "precedence": null,
          "psh": false,
          "remark": null,
          "rst": false,
          "sequence": 20,
          "service_object_group": null,
          "source_any": true,
          "source_host": null,
          "source_object_group": null,
          "source_port_equal": null,
          "source_port_greater_than": null,
          "source_port_lesser_than": null,
          "source_port_range_from": null,
          "source_port_range_to": null,
          "source_prefix": null,
          "source_prefix_mask": null,
          "syn": false,
          "tos": null,
          "urg": false
        }
      ],
      "type": [
        "list",
        [
          "object",
          {
            "ace_rule_action": "string",
            "ace_rule_protocol": "string",
            "ack": "bool",
            "destination_any": "bool",
            "destination_host": "string",
            "destination_object_group": "string",
            "destination_port_equal": "string",
            "destination_port_equal_10": "string",
            "destination_port_equal_2": "string",
            "destination_port_equal_3": "string",
            "destination_port_equal_4": "string",
            "destination_port_equal_5": "string",
            "destination_port_equal_6": "string",
            "destination_port_equal_7": "string",
            "destination_port_equal_8": "string",
            "destination_port_equal_9": "string",
            "destination_port_greater_than": "string",
            "destination_port_lesser_than": "string",
            "destination_port_range_from": "string",
            "destination_port_range_to": "string",
            "destination_prefix": "string",
            "destination_prefix_mask": "string",
            "dscp": "string",
            "established": "bool",
            "fin": "bool",
            "fragments": "bool",
            "icmp_msg_code": "number",
            "icmp_msg_type": "number",
            "icmp_named_msg_type": "string",
            "log": "bool",
            "log_input": "bool",
            "precedence": "string",
            "psh": "bool",
            "remark": "string",
            "rst": "bool",
            "sequence": "number",
            "service_object_group": "string",
            "source_any": "bool",
            "source_host": "string",
            "source_object_group": "string",
            "source_port_equal": "string",
            "source_port_greater_than": "string",
            "source_port_lesser_than": "string",
            "source_port_range_from": "string",
            "source_port_range_to": "string",
            "source_prefix": "string",
            "source_prefix_mask": "string",
            "syn": "bool",
            "tos": "string",
            "urg": "bool"
          }
        ]
      ]
    },
    "c8kv1_interface_g2_ip": {
      "value": "172.16.12.1",
      "type": "string"
    },
    "c8kv2_interface_g2_ip": {
      "value": "172.16.12.2",
      "type": "string"
    },
    "c8kv2_resource_acl_entries": {
      "value": [
        {
          "ace_rule_action": "permit",
          "ace_rule_protocol": "tcp",
          "ack": true,
          "destination_any": null,
          "destination_host": "10.1.1.1",
          "destination_object_group": null,
          "destination_port_equal": null,
          "destination_port_equal_10": null,
          "destination_port_equal_2": null,
          "destination_port_equal_3": null,
          "destination_port_equal_4": null,
          "destination_port_equal_5": null,
          "destination_port_equal_6": null,
          "destination_port_equal_7": null,
          "destination_port_equal_8": null,
          "destination_port_equal_9": null,
          "destination_port_greater_than": null,
          "destination_port_lesser_than": null,
          "destination_port_range_from": "1000",
          "destination_port_range_to": "2000",
          "destination_prefix": null,
          "destination_prefix_mask": null,
          "dscp": "46",
          "established": null,
          "fin": true,
          "fragments": null,
          "icmp_msg_code": null,
          "icmp_msg_type": null,
          "icmp_named_msg_type": null,
          "log": true,
          "log_input": null,
          "precedence": null,
          "psh": true,
          "remark": "permit tcp 0 to 1",
          "rst": true,
          "sequence": 10,
          "service_object_group": null,
          "source_any": null,
          "source_host": null,
          "source_object_group": null,
          "source_port_equal": "1000",
          "source_port_greater_than": null,
          "source_port_lesser_than": null,
          "source_port_range_from": null,
          "source_port_range_to": null,
          "source_prefix": "10.0.0.0",
          "source_prefix_mask": "0.0.0.255",
          "syn": true,
          "tos": null,
          "urg": true
        },
        {
          "ace_rule_action": "permit",
          "ace_rule_protocol": "ospf",
          "ack": null,
          "destination_any": true,
          "destination_host": null,
          "destination_object_group": null,
          "destination_port_equal": null,
          "destination_port_equal_10": null,
          "destination_port_equal_2": null,
          "destination_port_equal_3": null,
          "destination_port_equal_4": null,
          "destination_port_equal_5": null,
          "destination_port_equal_6": null,
          "destination_port_equal_7": null,
          "destination_port_equal_8": null,
          "destination_port_equal_9": null,
          "destination_port_greater_than": null,
          "destination_port_lesser_than": null,
          "destination_port_range_from": null,
          "destination_port_range_to": null,
          "destination_prefix": null,
          "destination_prefix_mask": null,
          "dscp": null,
          "established": null,
          "fin": null,
          "fragments": null,
          "icmp_msg_code": null,
          "icmp_msg_type": null,
          "icmp_named_msg_type": null,
          "log": true,
          "log_input": null,
          "precedence": null,
          "psh": null,
          "remark": "permit ospf any any",
          "rst": null,
          "sequence": 20,
          "service_object_group": null,
          "source_any": true,
          "source_host": null,
          "source_object_group": null,
          "source_port_equal": null,
          "source_port_greater_than": null,
          "source_port_lesser_than": null,
          "source_port_range_from": null,
          "source_port_range_to": null,
          "source_prefix": null,
          "source_prefix_mask": null,
          "syn": null,
          "tos": null,
          "urg": null
        }
      ],
      "type": [
        "list",
        [
          "object",
          {
            "ace_rule_action": "string",
            "ace_rule_protocol": "string",
            "ack": "bool",
            "destination_any": "bool",
            "destination_host": "string",
            "destination_object_group": "string",
            "destination_port_equal": "string",
            "destination_port_equal_10": "string",
            "destination_port_equal_2": "string",
            "destination_port_equal_3": "string",
            "destination_port_equal_4": "string",
            "destination_port_equal_5": "string",
            "destination_port_equal_6": "string",
            "destination_port_equal_7": "string",
            "destination_port_equal_8": "string",
            "destination_port_equal_9": "string",
            "destination_port_greater_than": "string",
            "destination_port_lesser_than": "string",
            "destination_port_range_from": "string",
            "destination_port_range_to": "string",
            "destination_prefix": "string",
            "destination_prefix_mask": "string",
            "dscp": "string",
            "established": "bool",
            "fin": "bool",
            "fragments": "bool",
            "icmp_msg_code": "number",
            "icmp_msg_type": "number",
            "icmp_named_msg_type": "string",
            "log": "bool",
            "log_input": "bool",
            "precedence": "string",
            "psh": "bool",
            "remark": "string",
            "rst": "bool",
            "sequence": "number",
            "service_object_group": "string",
            "source_any": "bool",
            "source_host": "string",
            "source_object_group": "string",
            "source_port_equal": "string",
            "source_port_greater_than": "string",
            "source_port_lesser_than": "string",
            "source_port_range_from": "string",
            "source_port_range_to": "string",
            "source_prefix": "string",
            "source_prefix_mask": "string",
            "syn": "bool",
            "tos": "string",
            "urg": "bool"
          }
        ]
      ]
    }
  },
  "resources": [
    {
      "module": "module.c8kv1",
      "mode": "data",
      "type": "iosxe_access_list_extended",
      "name": "qytang_data_acl",
      "provider": "module.c8kv1.provider[\"registry.terraform.io/ciscodevnet/iosxe\"].c8kv1",
      "instances": [
        {
          "schema_version": 0,
          "attributes": {
            "device": null,
            "entries": [
              {
                "ace_rule_action": "permit",
                "ace_rule_protocol": "ip",
                "ack": false,
                "destination_any": false,
                "destination_host": "2.2.2.2",
                "destination_object_group": null,
                "destination_port_equal": null,
                "destination_port_equal_10": null,
                "destination_port_equal_2": null,
                "destination_port_equal_3": null,
                "destination_port_equal_4": null,
                "destination_port_equal_5": null,
                "destination_port_equal_6": null,
                "destination_port_equal_7": null,
                "destination_port_equal_8": null,
                "destination_port_equal_9": null,
                "destination_port_greater_than": null,
                "destination_port_lesser_than": null,
                "destination_port_range_from": null,
                "destination_port_range_to": null,
                "destination_prefix": null,
                "destination_prefix_mask": null,
                "dscp": null,
                "established": false,
                "fin": false,
                "fragments": false,
                "icmp_msg_code": null,
                "icmp_msg_type": null,
                "icmp_named_msg_type": null,
                "log": false,
                "log_input": false,
                "precedence": null,
                "psh": false,
                "remark": null,
                "rst": false,
                "sequence": 10,
                "service_object_group": null,
                "source_any": false,
                "source_host": "1.1.1.1",
                "source_object_group": null,
                "source_port_equal": null,
                "source_port_greater_than": null,
                "source_port_lesser_than": null,
                "source_port_range_from": null,
                "source_port_range_to": null,
                "source_prefix": null,
                "source_prefix_mask": null,
                "syn": false,
                "tos": null,
                "urg": false
              },
              {
                "ace_rule_action": "permit",
                "ace_rule_protocol": "ip",
                "ack": false,
                "destination_any": true,
                "destination_host": null,
                "destination_object_group": null,
                "destination_port_equal": null,
                "destination_port_equal_10": null,
                "destination_port_equal_2": null,
                "destination_port_equal_3": null,
                "destination_port_equal_4": null,
                "destination_port_equal_5": null,
                "destination_port_equal_6": null,
                "destination_port_equal_7": null,
                "destination_port_equal_8": null,
                "destination_port_equal_9": null,
                "destination_port_greater_than": null,
                "destination_port_lesser_than": null,
                "destination_port_range_from": null,
                "destination_port_range_to": null,
                "destination_prefix": null,
                "destination_prefix_mask": null,
                "dscp": null,
                "established": false,
                "fin": false,
                "fragments": false,
                "icmp_msg_code": null,
                "icmp_msg_type": null,
                "icmp_named_msg_type": null,
                "log": false,
                "log_input": false,
                "precedence": null,
                "psh": false,
                "remark": null,
                "rst": false,
                "sequence": 20,
                "service_object_group": null,
                "source_any": true,
                "source_host": null,
                "source_object_group": null,
                "source_port_equal": null,
                "source_port_greater_than": null,
                "source_port_lesser_than": null,
                "source_port_range_from": null,
                "source_port_range_to": null,
                "source_prefix": null,
                "source_prefix_mask": null,
                "syn": false,
                "tos": null,
                "urg": false
              }
            ],
            "id": "Cisco-IOS-XE-native:native/ip/access-list/Cisco-IOS-XE-acl:extended=qytang_data_acl",
            "name": "qytang_data_acl"
          },
          "sensitive_attributes": [],
          "identity_schema_version": 0
        }
      ]
    },
    {
      "module": "module.c8kv1",
      "mode": "managed",
      "type": "iosxe_interface_ethernet",
      "name": "interface_g2",
      "provider": "module.c8kv1.provider[\"registry.terraform.io/ciscodevnet/iosxe\"].c8kv1",
      "instances": [
        {
          "schema_version": 0,
          "attributes": {
            "arp_timeout": null,
            "authentication_host_mode": null,
            "authentication_order_dot1x": null,
            "authentication_order_dot1x_mab": null,
            "authentication_order_dot1x_webauth": null,
            "authentication_order_mab": null,
            "authentication_order_mab_dot1x": null,
            "authentication_order_mab_webauth": null,
            "authentication_order_webauth": null,
            "authentication_periodic": null,
            "authentication_port_control": null,
            "authentication_priority_dot1x": null,
            "authentication_priority_dot1x_mab": null,
            "authentication_priority_dot1x_webauth": null,
            "authentication_priority_mab": null,
            "authentication_priority_mab_dot1x": null,
            "authentication_priority_mab_webauth": null,
            "authentication_priority_webauth": null,
            "authentication_timer_reauthenticate": null,
            "authentication_timer_reauthenticate_server": null,
            "auto_qos_classify": null,
            "auto_qos_classify_police": null,
            "auto_qos_trust": null,
            "auto_qos_trust_cos": null,
            "auto_qos_trust_dscp": null,
            "auto_qos_video_cts": null,
            "auto_qos_video_ip_camera": null,
            "auto_qos_video_media_player": null,
            "auto_qos_voip": null,
            "auto_qos_voip_cisco_phone": null,
            "auto_qos_voip_cisco_softphone": null,
            "auto_qos_voip_trust": null,
            "bandwidth": null,
            "bfd_echo": null,
            "bfd_enable": null,
            "bfd_interval": null,
            "bfd_interval_min_rx": null,
            "bfd_interval_multiplier": null,
            "bfd_local_address": null,
            "bfd_template": null,
            "bpduguard_disable": null,
            "bpduguard_enable": null,
            "cdp_enable": null,
            "cdp_tlv_app": null,
            "cdp_tlv_location": null,
            "cdp_tlv_server_location": null,
            "channel_group_mode": null,
            "channel_group_number": null,
            "description": "Terraform Configure Interface G2",
            "device": null,
            "device_tracking": null,
            "device_tracking_attached_policies": null,
            "dot1x_max_reauth_req": null,
            "dot1x_max_req": null,
            "dot1x_pae": null,
            "dot1x_timeout_auth_period": null,
            "dot1x_timeout_held_period": null,
            "dot1x_timeout_quiet_period": null,
            "dot1x_timeout_ratelimit_period": null,
            "dot1x_timeout_server_timeout": null,
            "dot1x_timeout_start_period": null,
            "dot1x_timeout_supp_timeout": null,
            "dot1x_timeout_tx_period": null,
            "encapsulation_dot1q_vlan_id": null,
            "helper_addresses": null,
            "id": "Cisco-IOS-XE-native:native/interface/GigabitEthernet=2",
            "ip_access_group_in": "qytang_data_acl",
            "ip_access_group_in_enable": true,
            "ip_access_group_out": null,
            "ip_access_group_out_enable": null,
            "ip_arp_inspection_limit_rate": null,
            "ip_arp_inspection_trust": null,
            "ip_dhcp_relay_source_interface": null,
            "ip_dhcp_snooping_trust": null,
            "ip_flow_monitors": null,
            "ip_nat_inside": null,
            "ip_nat_outside": null,
            "ip_nbar_protocol_discovery": null,
            "ip_proxy_arp": null,
            "ip_redirects": null,
            "ip_unreachables": null,
            "ipv4_address": "172.16.12.1",
            "ipv4_address_mask": "255.255.255.0",
            "ipv6_address_autoconfig_default": null,
            "ipv6_address_dhcp": null,
            "ipv6_addresses": null,
            "ipv6_enable": null,
            "ipv6_flow_monitors": null,
            "ipv6_link_local_addresses": null,
            "ipv6_mtu": null,
            "ipv6_nd_ra_suppress_all": null,
            "load_interval": null,
            "logging_event_link_status_enable": null,
            "mab": null,
            "mab_eap": null,
            "media_type": null,
            "mtu": null,
            "name": "2",
            "negotiation_auto": null,
            "service_policy_input": null,
            "service_policy_output": null,
            "shutdown": false,
            "snmp_trap_link_status": null,
            "source_template": null,
            "spanning_tree_guard": null,
            "spanning_tree_link_type": null,
            "spanning_tree_portfast": null,
            "spanning_tree_portfast_disable": null,
            "spanning_tree_portfast_edge": null,
            "spanning_tree_portfast_trunk": null,
            "speed_100": null,
            "speed_1000": null,
            "speed_10000": null,
            "speed_100000": null,
            "speed_2500": null,
            "speed_25000": null,
            "speed_40000": null,
            "speed_5000": null,
            "speed_nonegotiate": null,
            "switchport": null,
            "trust_device": null,
            "type": "GigabitEthernet",
            "unnumbered": null,
            "vrf_forwarding": null
          },
          "sensitive_attributes": [],
          "identity_schema_version": 0,
          "private": "eyJpbXBvcnRpbmciOiJNQT09In0=",
          "dependencies": [
            "module.c8kv1.data.iosxe_access_list_extended.qytang_data_acl"
          ]
        }
      ]
    },
    {
      "module": "module.c8kv1",
      "mode": "managed",
      "type": "iosxe_interface_loopback",
      "name": "interface_loop0",
      "provider": "module.c8kv1.provider[\"registry.terraform.io/ciscodevnet/iosxe\"].c8kv1",
      "instances": [
        {
          "schema_version": 0,
          "attributes": {
            "arp_timeout": null,
            "delete_mode": null,
            "description": "Terraform Configure Interface Lo0",
            "device": null,
            "id": "Cisco-IOS-XE-native:native/interface/Loopback=0",
            "ip_access_group_in": null,
            "ip_access_group_in_enable": null,
            "ip_access_group_out": null,
            "ip_access_group_out_enable": null,
            "ip_proxy_arp": null,
            "ip_redirects": null,
            "ip_unreachables": null,
            "ipv4_address": "1.1.1.1",
            "ipv4_address_mask": "255.255.255.0",
            "ipv6_address_autoconfig_default": null,
            "ipv6_address_dhcp": null,
            "ipv6_addresses": null,
            "ipv6_enable": null,
            "ipv6_link_local_addresses": null,
            "ipv6_mtu": null,
            "ipv6_nd_ra_suppress_all": null,
            "name": 0,
            "shutdown": false,
            "vrf_forwarding": null
          },
          "sensitive_attributes": [],
          "identity_schema_version": 0,
          "private": "eyJpbXBvcnRpbmciOiJNQT09In0="
        }
      ]
    },
    {
      "module": "module.c8kv1",
      "mode": "managed",
      "type": "iosxe_ospf",
      "name": "c8kv1_ospf",
      "provider": "module.c8kv1.provider[\"registry.terraform.io/ciscodevnet/iosxe\"].c8kv1",
      "instances": [
        {
          "schema_version": 0,
          "attributes": {
            "areas": null,
            "auto_cost_reference_bandwidth": null,
            "bfd_all_interfaces": null,
            "default_information_originate": null,
            "default_information_originate_always": null,
            "default_metric": null,
            "delete_mode": null,
            "device": null,
            "distance": null,
            "domain_tag": null,
            "id": "Cisco-IOS-XE-native:native/router/Cisco-IOS-XE-ospf:router-ospf/ospf/process-id=1",
            "mpls_ldp_autoconfig": null,
            "mpls_ldp_sync": null,
            "neighbors": null,
            "networks": [
              {
                "area": "0",
                "ip": "172.16.12.0",
                "wildcard": "0.0.0.255"
              },
              {
                "area": "0",
                "ip": "1.1.1.0",
                "wildcard": "0.0.0.255"
              }
            ],
            "passive_interface": null,
            "passive_interface_default": null,
            "passive_interface_disable_five_gigabit_ethernets": null,
            "passive_interface_disable_forty_gigabit_ethernets": null,
            "passive_interface_disable_four_hundred_gigabit_ethernets": null,
            "passive_interface_disable_gigabit_ethernets": null,
            "passive_interface_disable_hundred_gigabit_ethernets": null,
            "passive_interface_disable_loopbacks": null,
            "passive_interface_disable_port_channel_subinterfaces": null,
            "passive_interface_disable_port_channels": null,
            "passive_interface_disable_ten_gigabit_ethernets": null,
            "passive_interface_disable_tunnels": null,
            "passive_interface_disable_twenty_five_gigabit_ethernets": null,
            "passive_interface_disable_two_gigabit_ethernets": null,
            "passive_interface_disable_two_hundred_gigabit_ethernets": null,
            "passive_interface_disable_vlans": null,
            "priority": null,
            "process_id": 1,
            "router_id": "1.1.1.1",
            "shutdown": null,
            "summary_addresses": null
          },
          "sensitive_attributes": [],
          "identity_schema_version": 0,
          "private": "eyJpbXBvcnRpbmciOiJNQT09In0="
        }
      ]
    },
    {
      "module": "module.c8kv1",
      "mode": "managed",
      "type": "iosxe_system",
      "name": "c8kv1_system",
      "provider": "module.c8kv1.provider[\"registry.terraform.io/ciscodevnet/iosxe\"].c8kv1",
      "instances": [
        {
          "schema_version": 0,
          "attributes": {
            "access_session_mac_move_deny": null,
            "archive_log_config_logging_enable": null,
            "archive_log_config_logging_size": null,
            "archive_maximum": null,
            "archive_path": null,
            "archive_time_period": null,
            "archive_write_memory": null,
            "boot_system_bootfiles": null,
            "boot_system_flash_files": null,
            "call_home_cisco_tac_1_destination_transport_method": null,
            "call_home_cisco_tac_1_profile_active": null,
            "call_home_contact_email": null,
            "cisp_enable": null,
            "control_plane_service_policy_input": null,
            "device": null,
            "diagnostic_bootup_level": null,
            "diagnostic_event_log_size": null,
            "enable_secret": null,
            "enable_secret_level": null,
            "enable_secret_type": null,
            "epm_logging": null,
            "ethernet_cfm_alarm_config_delay": null,
            "ethernet_cfm_alarm_config_reset": null,
            "hostname": "C8Kv1",
            "id": "Cisco-IOS-XE-native:native",
            "ip_bgp_community_new_format": null,
            "ip_domain_list_names": null,
            "ip_domain_list_vrf": null,
            "ip_domain_list_vrf_domain": null,
            "ip_domain_lookup": false,
            "ip_domain_lookup_source_interface_five_gigabit_ethernet": null,
            "ip_domain_lookup_source_interface_forty_gigabit_ethernet": null,
            "ip_domain_lookup_source_interface_gigabit_ethernet": null,
            "ip_domain_lookup_source_interface_hundred_gigabit_ethernet": null,
            "ip_domain_lookup_source_interface_loopback": null,
            "ip_domain_lookup_source_interface_ten_gigabit_ethernet": null,
            "ip_domain_lookup_source_interface_twenty_five_gigabit_ethernet": null,
            "ip_domain_lookup_source_interface_two_gigabit_ethernet": null,
            "ip_domain_lookup_source_interface_vlan": null,
            "ip_domain_name": "netdevops.com",
            "ip_forward_protocol_nd": null,
            "ip_ftp_passive": null,
            "ip_hosts": null,
            "ip_hosts_vrf": null,
            "ip_http_access_class": null,
            "ip_http_active_session_modules": null,
            "ip_http_authentication_aaa": null,
            "ip_http_authentication_aaa_command_authorization": null,
            "ip_http_authentication_aaa_exec_authorization": null,
            "ip_http_authentication_aaa_login_authentication": null,
            "ip_http_authentication_local": null,
            "ip_http_client_secure_trustpoint": null,
            "ip_http_client_source_interface": null,
            "ip_http_max_connections": null,
            "ip_http_secure_active_session_modules": null,
            "ip_http_secure_server": null,
            "ip_http_secure_trustpoint": null,
            "ip_http_server": null,
            "ip_http_tls_version": null,
            "ip_multicast_route_limit": null,
            "ip_multicast_routing": null,
            "ip_multicast_routing_distributed": null,
            "ip_name_servers": null,
            "ip_name_servers_vrf": null,
            "ip_nbar_classification_dns_classify_by_domain": null,
            "ip_radius_source_interface_five_gigabit_ethernet": null,
            "ip_radius_source_interface_forty_gigabit_ethernet": null,
            "ip_radius_source_interface_gigabit_ethernet": null,
            "ip_radius_source_interface_hundred_gigabit_ethernet": null,
            "ip_radius_source_interface_loopback": null,
            "ip_radius_source_interface_ten_gigabit_ethernet": null,
            "ip_radius_source_interface_twenty_five_gigabit_ethernet": null,
            "ip_radius_source_interface_two_gigabit_ethernet": null,
            "ip_radius_source_interface_vlan": null,
            "ip_radius_source_interface_vrf": null,
            "ip_routing": null,
            "ip_scp_server_enable": null,
            "ip_source_route": null,
            "ip_ssh_authentication_retries": null,
            "ip_ssh_source_interface_five_gigabit_ethernet": null,
            "ip_ssh_source_interface_forty_gigabit_ethernet": null,
            "ip_ssh_source_interface_gigabit_ethernet": null,
            "ip_ssh_source_interface_hundred_gigabit_ethernet": null,
            "ip_ssh_source_interface_loopback": null,
            "ip_ssh_source_interface_ten_gigabit_ethernet": null,
            "ip_ssh_source_interface_twenty_five_gigabit_ethernet": null,
            "ip_ssh_source_interface_two_gigabit_ethernet": null,
            "ip_ssh_source_interface_vlan": null,
            "ip_ssh_time_out": null,
            "ip_ssh_version": null,
            "ip_ssh_version_legacy": null,
            "ip_tacacs_source_interface_five_gigabit_ethernet": null,
            "ip_tacacs_source_interface_forty_gigabit_ethernet": null,
            "ip_tacacs_source_interface_gigabit_ethernet": null,
            "ip_tacacs_source_interface_hundred_gigabit_ethernet": null,
            "ip_tacacs_source_interface_loopback": null,
            "ip_tacacs_source_interface_ten_gigabit_ethernet": null,
            "ip_tacacs_source_interface_twenty_five_gigabit_ethernet": null,
            "ip_tacacs_source_interface_two_gigabit_ethernet": null,
            "ip_tacacs_source_interface_vlan": null,
            "ip_tacacs_source_interface_vrf": null,
            "ipv6_unicast_routing": null,
            "login_delay": null,
            "login_on_failure": null,
            "login_on_failure_log": null,
            "login_on_success": null,
            "login_on_success_log": null,
            "memory_free_low_watermark_processor": null,
            "mtu": null,
            "multicast_routing_switch": null,
            "multicast_routing_vrfs": null,
            "multilink_ppp_bundle_name": null,
            "pnp_profiles": null,
            "redundancy": null,
            "redundancy_mode": null,
            "security_passwords_min_length": null,
            "standby_redirects": null,
            "standby_redirects_enable_disable": null,
            "subscriber_templating": null,
            "tftp_source_interface_five_gigabit_ethernet": null,
            "tftp_source_interface_forty_gigabit_ethernet": null,
            "tftp_source_interface_gigabit_ethernet": null,
            "tftp_source_interface_hundred_gigabit_ethernet": null,
            "tftp_source_interface_loopback": null,
            "tftp_source_interface_ten_gigabit_ethernet": null,
            "tftp_source_interface_twenty_five_gigabit_ethernet": null,
            "tftp_source_interface_two_gigabit_ethernet": null,
            "tftp_source_interface_vlan": null,
            "track_objects": null,
            "transceiver_type_all_monitoring": null,
            "version": null
          },
          "sensitive_attributes": [
            [
              {
                "type": "get_attr",
                "value": "enable_secret"
              }
            ]
          ],
          "identity_schema_version": 0,
          "private": "eyJpbXBvcnRpbmciOiJNQT09In0="
        }
      ]
    },
    {
      "module": "module.c8kv2",
      "mode": "managed",
      "type": "iosxe_access_list_extended",
      "name": "qytang_resource_acl",
      "provider": "module.c8kv2.provider[\"registry.terraform.io/ciscodevnet/iosxe\"].c8kv2",
      "instances": [
        {
          "schema_version": 0,
          "attributes": {
            "device": null,
            "entries": [
              {
                "ace_rule_action": "permit",
                "ace_rule_protocol": "tcp",
                "ack": true,
                "destination_any": null,
                "destination_host": "10.1.1.1",
                "destination_object_group": null,
                "destination_port_equal": null,
                "destination_port_equal_10": null,
                "destination_port_equal_2": null,
                "destination_port_equal_3": null,
                "destination_port_equal_4": null,
                "destination_port_equal_5": null,
                "destination_port_equal_6": null,
                "destination_port_equal_7": null,
                "destination_port_equal_8": null,
                "destination_port_equal_9": null,
                "destination_port_greater_than": null,
                "destination_port_lesser_than": null,
                "destination_port_range_from": "1000",
                "destination_port_range_to": "2000",
                "destination_prefix": null,
                "destination_prefix_mask": null,
                "dscp": "46",
                "established": null,
                "fin": true,
                "fragments": null,
                "icmp_msg_code": null,
                "icmp_msg_type": null,
                "icmp_named_msg_type": null,
                "log": true,
                "log_input": null,
                "precedence": null,
                "psh": true,
                "remark": "permit tcp 0 to 1",
                "rst": true,
                "sequence": 10,
                "service_object_group": null,
                "source_any": null,
                "source_host": null,
                "source_object_group": null,
                "source_port_equal": "1000",
                "source_port_greater_than": null,
                "source_port_lesser_than": null,
                "source_port_range_from": null,
                "source_port_range_to": null,
                "source_prefix": "10.0.0.0",
                "source_prefix_mask": "0.0.0.255",
                "syn": true,
                "tos": null,
                "urg": true
              },
              {
                "ace_rule_action": "permit",
                "ace_rule_protocol": "ospf",
                "ack": null,
                "destination_any": true,
                "destination_host": null,
                "destination_object_group": null,
                "destination_port_equal": null,
                "destination_port_equal_10": null,
                "destination_port_equal_2": null,
                "destination_port_equal_3": null,
                "destination_port_equal_4": null,
                "destination_port_equal_5": null,
                "destination_port_equal_6": null,
                "destination_port_equal_7": null,
                "destination_port_equal_8": null,
                "destination_port_equal_9": null,
                "destination_port_greater_than": null,
                "destination_port_lesser_than": null,
                "destination_port_range_from": null,
                "destination_port_range_to": null,
                "destination_prefix": null,
                "destination_prefix_mask": null,
                "dscp": null,
                "established": null,
                "fin": null,
                "fragments": null,
                "icmp_msg_code": null,
                "icmp_msg_type": null,
                "icmp_named_msg_type": null,
                "log": true,
                "log_input": null,
                "precedence": null,
                "psh": null,
                "remark": "permit ospf any any",
                "rst": null,
                "sequence": 20,
                "service_object_group": null,
                "source_any": true,
                "source_host": null,
                "source_object_group": null,
                "source_port_equal": null,
                "source_port_greater_than": null,
                "source_port_lesser_than": null,
                "source_port_range_from": null,
                "source_port_range_to": null,
                "source_prefix": null,
                "source_prefix_mask": null,
                "syn": null,
                "tos": null,
                "urg": null
              }
            ],
            "id": "Cisco-IOS-XE-native:native/ip/access-list/Cisco-IOS-XE-acl:extended=qytang-resource-acl",
            "name": "qytang-resource-acl"
          },
          "sensitive_attributes": [],
          "identity_schema_version": 0,
          "private": "eyJpbXBvcnRpbmciOiJNQT09In0="
        }
      ]
    },
    {
      "module": "module.c8kv2",
      "mode": "managed",
      "type": "iosxe_interface_ethernet",
      "name": "interface_g2",
      "provider": "module.c8kv2.provider[\"registry.terraform.io/ciscodevnet/iosxe\"].c8kv2",
      "instances": [
        {
          "schema_version": 0,
          "attributes": {
            "arp_timeout": null,
            "authentication_host_mode": null,
            "authentication_order_dot1x": null,
            "authentication_order_dot1x_mab": null,
            "authentication_order_dot1x_webauth": null,
            "authentication_order_mab": null,
            "authentication_order_mab_dot1x": null,
            "authentication_order_mab_webauth": null,
            "authentication_order_webauth": null,
            "authentication_periodic": null,
            "authentication_port_control": null,
            "authentication_priority_dot1x": null,
            "authentication_priority_dot1x_mab": null,
            "authentication_priority_dot1x_webauth": null,
            "authentication_priority_mab": null,
            "authentication_priority_mab_dot1x": null,
            "authentication_priority_mab_webauth": null,
            "authentication_priority_webauth": null,
            "authentication_timer_reauthenticate": null,
            "authentication_timer_reauthenticate_server": null,
            "auto_qos_classify": null,
            "auto_qos_classify_police": null,
            "auto_qos_trust": null,
            "auto_qos_trust_cos": null,
            "auto_qos_trust_dscp": null,
            "auto_qos_video_cts": null,
            "auto_qos_video_ip_camera": null,
            "auto_qos_video_media_player": null,
            "auto_qos_voip": null,
            "auto_qos_voip_cisco_phone": null,
            "auto_qos_voip_cisco_softphone": null,
            "auto_qos_voip_trust": null,
            "bandwidth": null,
            "bfd_echo": null,
            "bfd_enable": null,
            "bfd_interval": null,
            "bfd_interval_min_rx": null,
            "bfd_interval_multiplier": null,
            "bfd_local_address": null,
            "bfd_template": null,
            "bpduguard_disable": null,
            "bpduguard_enable": null,
            "cdp_enable": null,
            "cdp_tlv_app": null,
            "cdp_tlv_location": null,
            "cdp_tlv_server_location": null,
            "channel_group_mode": null,
            "channel_group_number": null,
            "description": "Terraform Configure Interface G2",
            "device": null,
            "device_tracking": null,
            "device_tracking_attached_policies": null,
            "dot1x_max_reauth_req": null,
            "dot1x_max_req": null,
            "dot1x_pae": null,
            "dot1x_timeout_auth_period": null,
            "dot1x_timeout_held_period": null,
            "dot1x_timeout_quiet_period": null,
            "dot1x_timeout_ratelimit_period": null,
            "dot1x_timeout_server_timeout": null,
            "dot1x_timeout_start_period": null,
            "dot1x_timeout_supp_timeout": null,
            "dot1x_timeout_tx_period": null,
            "encapsulation_dot1q_vlan_id": null,
            "helper_addresses": null,
            "id": "Cisco-IOS-XE-native:native/interface/GigabitEthernet=2",
            "ip_access_group_in": "qytang-resource-acl",
            "ip_access_group_in_enable": true,
            "ip_access_group_out": null,
            "ip_access_group_out_enable": null,
            "ip_arp_inspection_limit_rate": null,
            "ip_arp_inspection_trust": null,
            "ip_dhcp_relay_source_interface": null,
            "ip_dhcp_snooping_trust": null,
            "ip_flow_monitors": null,
            "ip_nat_inside": null,
            "ip_nat_outside": null,
            "ip_nbar_protocol_discovery": null,
            "ip_proxy_arp": null,
            "ip_redirects": null,
            "ip_unreachables": null,
            "ipv4_address": "172.16.12.2",
            "ipv4_address_mask": "255.255.255.0",
            "ipv6_address_autoconfig_default": null,
            "ipv6_address_dhcp": null,
            "ipv6_addresses": null,
            "ipv6_enable": null,
            "ipv6_flow_monitors": null,
            "ipv6_link_local_addresses": null,
            "ipv6_mtu": null,
            "ipv6_nd_ra_suppress_all": null,
            "load_interval": null,
            "logging_event_link_status_enable": null,
            "mab": null,
            "mab_eap": null,
            "media_type": null,
            "mtu": null,
            "name": "2",
            "negotiation_auto": null,
            "service_policy_input": null,
            "service_policy_output": null,
            "shutdown": false,
            "snmp_trap_link_status": null,
            "source_template": null,
            "spanning_tree_guard": null,
            "spanning_tree_link_type": null,
            "spanning_tree_portfast": null,
            "spanning_tree_portfast_disable": null,
            "spanning_tree_portfast_edge": null,
            "spanning_tree_portfast_trunk": null,
            "speed_100": null,
            "speed_1000": null,
            "speed_10000": null,
            "speed_100000": null,
            "speed_2500": null,
            "speed_25000": null,
            "speed_40000": null,
            "speed_5000": null,
            "speed_nonegotiate": null,
            "switchport": null,
            "trust_device": null,
            "type": "GigabitEthernet",
            "unnumbered": null,
            "vrf_forwarding": null
          },
          "sensitive_attributes": [],
          "identity_schema_version": 0,
          "private": "eyJpbXBvcnRpbmciOiJNQT09In0=",
          "dependencies": [
            "module.c8kv2.iosxe_access_list_extended.qytang_resource_acl"
          ]
        }
      ]
    },
    {
      "module": "module.c8kv2",
      "mode": "managed",
      "type": "iosxe_interface_loopback",
      "name": "interface_loop0",
      "provider": "module.c8kv2.provider[\"registry.terraform.io/ciscodevnet/iosxe\"].c8kv2",
      "instances": [
        {
          "schema_version": 0,
          "attributes": {
            "arp_timeout": null,
            "delete_mode": null,
            "description": "Terraform Configure Interface Lo0",
            "device": null,
            "id": "Cisco-IOS-XE-native:native/interface/Loopback=0",
            "ip_access_group_in": null,
            "ip_access_group_in_enable": null,
            "ip_access_group_out": null,
            "ip_access_group_out_enable": null,
            "ip_proxy_arp": null,
            "ip_redirects": null,
            "ip_unreachables": null,
            "ipv4_address": "2.2.2.2",
            "ipv4_address_mask": "255.255.255.0",
            "ipv6_address_autoconfig_default": null,
            "ipv6_address_dhcp": null,
            "ipv6_addresses": null,
            "ipv6_enable": null,
            "ipv6_link_local_addresses": null,
            "ipv6_mtu": null,
            "ipv6_nd_ra_suppress_all": null,
            "name": 0,
            "shutdown": false,
            "vrf_forwarding": null
          },
          "sensitive_attributes": [],
          "identity_schema_version": 0,
          "private": "eyJpbXBvcnRpbmciOiJNQT09In0="
        }
      ]
    },
    {
      "module": "module.c8kv2",
      "mode": "managed",
      "type": "iosxe_ospf",
      "name": "c8kv2_ospf",
      "provider": "module.c8kv2.provider[\"registry.terraform.io/ciscodevnet/iosxe\"].c8kv2",
      "instances": [
        {
          "schema_version": 0,
          "attributes": {
            "areas": null,
            "auto_cost_reference_bandwidth": null,
            "bfd_all_interfaces": null,
            "default_information_originate": null,
            "default_information_originate_always": null,
            "default_metric": null,
            "delete_mode": null,
            "device": null,
            "distance": null,
            "domain_tag": null,
            "id": "Cisco-IOS-XE-native:native/router/Cisco-IOS-XE-ospf:router-ospf/ospf/process-id=1",
            "mpls_ldp_autoconfig": null,
            "mpls_ldp_sync": null,
            "neighbors": null,
            "networks": [
              {
                "area": "0",
                "ip": "172.16.12.0",
                "wildcard": "0.0.0.255"
              },
              {
                "area": "0",
                "ip": "2.2.2.0",
                "wildcard": "0.0.0.255"
              }
            ],
            "passive_interface": null,
            "passive_interface_default": null,
            "passive_interface_disable_five_gigabit_ethernets": null,
            "passive_interface_disable_forty_gigabit_ethernets": null,
            "passive_interface_disable_four_hundred_gigabit_ethernets": null,
            "passive_interface_disable_gigabit_ethernets": null,
            "passive_interface_disable_hundred_gigabit_ethernets": null,
            "passive_interface_disable_loopbacks": null,
            "passive_interface_disable_port_channel_subinterfaces": null,
            "passive_interface_disable_port_channels": null,
            "passive_interface_disable_ten_gigabit_ethernets": null,
            "passive_interface_disable_tunnels": null,
            "passive_interface_disable_twenty_five_gigabit_ethernets": null,
            "passive_interface_disable_two_gigabit_ethernets": null,
            "passive_interface_disable_two_hundred_gigabit_ethernets": null,
            "passive_interface_disable_vlans": null,
            "priority": null,
            "process_id": 1,
            "router_id": "2.2.2.2",
            "shutdown": null,
            "summary_addresses": null
          },
          "sensitive_attributes": [],
          "identity_schema_version": 0,
          "private": "eyJpbXBvcnRpbmciOiJNQT09In0="
        }
      ]
    },
    {
      "module": "module.c8kv2",
      "mode": "managed",
      "type": "iosxe_system",
      "name": "c8kv2_system",
      "provider": "module.c8kv2.provider[\"registry.terraform.io/ciscodevnet/iosxe\"].c8kv2",
      "instances": [
        {
          "schema_version": 0,
          "attributes": {
            "access_session_mac_move_deny": null,
            "archive_log_config_logging_enable": null,
            "archive_log_config_logging_size": null,
            "archive_maximum": null,
            "archive_path": null,
            "archive_time_period": null,
            "archive_write_memory": null,
            "boot_system_bootfiles": null,
            "boot_system_flash_files": null,
            "call_home_cisco_tac_1_destination_transport_method": null,
            "call_home_cisco_tac_1_profile_active": null,
            "call_home_contact_email": null,
            "cisp_enable": null,
            "control_plane_service_policy_input": null,
            "device": null,
            "diagnostic_bootup_level": null,
            "diagnostic_event_log_size": null,
            "enable_secret": null,
            "enable_secret_level": null,
            "enable_secret_type": null,
            "epm_logging": null,
            "ethernet_cfm_alarm_config_delay": null,
            "ethernet_cfm_alarm_config_reset": null,
            "hostname": "C8Kv2",
            "id": "Cisco-IOS-XE-native:native",
            "ip_bgp_community_new_format": null,
            "ip_domain_list_names": null,
            "ip_domain_list_vrf": null,
            "ip_domain_list_vrf_domain": null,
            "ip_domain_lookup": false,
            "ip_domain_lookup_source_interface_five_gigabit_ethernet": null,
            "ip_domain_lookup_source_interface_forty_gigabit_ethernet": null,
            "ip_domain_lookup_source_interface_gigabit_ethernet": null,
            "ip_domain_lookup_source_interface_hundred_gigabit_ethernet": null,
            "ip_domain_lookup_source_interface_loopback": null,
            "ip_domain_lookup_source_interface_ten_gigabit_ethernet": null,
            "ip_domain_lookup_source_interface_twenty_five_gigabit_ethernet": null,
            "ip_domain_lookup_source_interface_two_gigabit_ethernet": null,
            "ip_domain_lookup_source_interface_vlan": null,
            "ip_domain_name": "netdevops.com",
            "ip_forward_protocol_nd": null,
            "ip_ftp_passive": null,
            "ip_hosts": null,
            "ip_hosts_vrf": null,
            "ip_http_access_class": null,
            "ip_http_active_session_modules": null,
            "ip_http_authentication_aaa": null,
            "ip_http_authentication_aaa_command_authorization": null,
            "ip_http_authentication_aaa_exec_authorization": null,
            "ip_http_authentication_aaa_login_authentication": null,
            "ip_http_authentication_local": null,
            "ip_http_client_secure_trustpoint": null,
            "ip_http_client_source_interface": null,
            "ip_http_max_connections": null,
            "ip_http_secure_active_session_modules": null,
            "ip_http_secure_server": null,
            "ip_http_secure_trustpoint": null,
            "ip_http_server": null,
            "ip_http_tls_version": null,
            "ip_multicast_route_limit": null,
            "ip_multicast_routing": null,
            "ip_multicast_routing_distributed": null,
            "ip_name_servers": null,
            "ip_name_servers_vrf": null,
            "ip_nbar_classification_dns_classify_by_domain": null,
            "ip_radius_source_interface_five_gigabit_ethernet": null,
            "ip_radius_source_interface_forty_gigabit_ethernet": null,
            "ip_radius_source_interface_gigabit_ethernet": null,
            "ip_radius_source_interface_hundred_gigabit_ethernet": null,
            "ip_radius_source_interface_loopback": null,
            "ip_radius_source_interface_ten_gigabit_ethernet": null,
            "ip_radius_source_interface_twenty_five_gigabit_ethernet": null,
            "ip_radius_source_interface_two_gigabit_ethernet": null,
            "ip_radius_source_interface_vlan": null,
            "ip_radius_source_interface_vrf": null,
            "ip_routing": null,
            "ip_scp_server_enable": null,
            "ip_source_route": null,
            "ip_ssh_authentication_retries": null,
            "ip_ssh_source_interface_five_gigabit_ethernet": null,
            "ip_ssh_source_interface_forty_gigabit_ethernet": null,
            "ip_ssh_source_interface_gigabit_ethernet": null,
            "ip_ssh_source_interface_hundred_gigabit_ethernet": null,
            "ip_ssh_source_interface_loopback": null,
            "ip_ssh_source_interface_ten_gigabit_ethernet": null,
            "ip_ssh_source_interface_twenty_five_gigabit_ethernet": null,
            "ip_ssh_source_interface_two_gigabit_ethernet": null,
            "ip_ssh_source_interface_vlan": null,
            "ip_ssh_time_out": null,
            "ip_ssh_version": null,
            "ip_ssh_version_legacy": null,
            "ip_tacacs_source_interface_five_gigabit_ethernet": null,
            "ip_tacacs_source_interface_forty_gigabit_ethernet": null,
            "ip_tacacs_source_interface_gigabit_ethernet": null,
            "ip_tacacs_source_interface_hundred_gigabit_ethernet": null,
            "ip_tacacs_source_interface_loopback": null,
            "ip_tacacs_source_interface_ten_gigabit_ethernet": null,
            "ip_tacacs_source_interface_twenty_five_gigabit_ethernet": null,
            "ip_tacacs_source_interface_two_gigabit_ethernet": null,
            "ip_tacacs_source_interface_vlan": null,
            "ip_tacacs_source_interface_vrf": null,
            "ipv6_unicast_routing": null,
            "login_delay": null,
            "login_on_failure": null,
            "login_on_failure_log": null,
            "login_on_success": null,
            "login_on_success_log": null,
            "memory_free_low_watermark_processor": null,
            "mtu": null,
            "multicast_routing_switch": null,
            "multicast_routing_vrfs": null,
            "multilink_ppp_bundle_name": null,
            "pnp_profiles": null,
            "redundancy": null,
            "redundancy_mode": null,
            "security_passwords_min_length": null,
            "standby_redirects": null,
            "standby_redirects_enable_disable": null,
            "subscriber_templating": null,
            "tftp_source_interface_five_gigabit_ethernet": null,
            "tftp_source_interface_forty_gigabit_ethernet": null,
            "tftp_source_interface_gigabit_ethernet": null,
            "tftp_source_interface_hundred_gigabit_ethernet": null,
            "tftp_source_interface_loopback": null,
            "tftp_source_interface_ten_gigabit_ethernet": null,
            "tftp_source_interface_twenty_five_gigabit_ethernet": null,
            "tftp_source_interface_two_gigabit_ethernet": null,
            "tftp_source_interface_vlan": null,
            "track_objects": null,
            "transceiver_type_all_monitoring": null,
            "version": null
          },
          "sensitive_attributes": [
            [
              {
                "type": "get_attr",
                "value": "enable_secret"
              }
            ]
          ],
          "identity_schema_version": 0,
          "private": "eyJpbXBvcnRpbmciOiJNQT09In0="
        }
      ]
    }
  ],
  "check_results": null
}
